
Microsoft Visual Studio Solution File, Format Version 12.00
# Visual Studio Version 17
VisualStudioVersion = 17.14.37012.4 d17.14
MinimumVisualStudioVersion = 10.0.40219.1
Project("{FAE04EC0-301F-11D3-BF4B-00C04F79EFBC}") = "Reservations1", "Reservations1\Reservations1.csproj", "{CFA3D135-E3E5-4121-AD53-8C1218A5DB11}"
EndProject
Global
	GlobalSection(SolutionConfigurationPlatforms) = preSolution
		Debug|Any CPU = Debug|Any CPU
		Release|Any CPU = Release|Any CPU
	EndGlobalSection
	GlobalSection(ProjectConfigurationPlatforms) = postSolution
		{CFA3D135-E3E5-4121-AD53-8C1218A5DB11}.Debug|Any CPU.ActiveCfg = Debug|Any CPU
		{CFA3D135-E3E5-4121-AD53-8C1218A5DB11}.Debug|Any CPU.Build.0 = Debug|Any CPU
		{CFA3D135-E3E5-4121-AD53-8C1218A5DB11}.Release|Any CPU.ActiveCfg = Release|Any CPU
		{CFA3D135-E3E5-4121-AD53-8C1218A5DB11}.Release|Any CPU.Build.0 = Release|Any CPU
	EndGlobalSection
	GlobalSection(SolutionProperties) = preSolution
		HideSolutionNode = FALSE
	EndGlobalSection
	GlobalSection(ExtensibilityGlobals) = postSolution
		SolutionGuid = {6F837F68-DE72-4749-8939-65588E1908B9}
	EndGlobalSection
EndGlobal
